<?xml version="1.0" encoding="utf-8"?>
<Project ToolsVersion="4.0" xmlns="http://schemas.microsoft.com/developer/msbuild/2003">
  <ItemGroup>
    <Filter Include="Source Files">
      <UniqueIdentifier>{4FC737F1-C7A5-4376-A066-2A32D752A2FF}</UniqueIdentifier>
      <Extensions>cpp;c;cc;cxx;def;odl;idl;hpj;bat;asm;asmx</Extensions>
    </Filter>
    <Filter Include="Header Files">
      <UniqueIdentifier>{93995380-89BD-4b04-88EB-625FBE52EBFB}</UniqueIdentifier>
      <Extensions>h;hh;hpp;hxx;hm;inl;inc;xsd</Extensions>
    </Filter>
    <Filter Include="Resource Files">
      <UniqueIdentifier>{67DA6AB6-F800-4c08-8B7A-83BB121AAD01}</UniqueIdentifier>
      <Extensions>rc;ico;cur;bmp;dlg;rc2;rct;bin;rgs;gif;jpg;jpeg;jpe;resx;tiff;tif;png;wav;mfcribbon-ms</Extensions>
    </Filter>
  </ItemGroup>
  <ItemGroup>
    <ClCompile Include="Background.cpp">
      <Filter>Source Files</Filter>
    </ClCompile>
    <ClCompile Include="Collisionable.cpp">
      <Filter>Source Files</Filter>
    </ClCompile>
    <ClCompile Include="DataManager.cpp">
      <Filter>Source Files</Filter>
    </ClCompile>
    <ClCompile Include="DungeonDoor.cpp">
      <Filter>Source Files</Filter>
    </ClCompile>
    <ClCompile Include="DungeonScene.cpp">
      <Filter>Source Files</Filter>
    </ClCompile>
    <ClCompile Include="Effect.cpp">
      <Filter>Source Files</Filter>
    </ClCompile>
    <ClCompile Include="Enemy.cpp">
      <Filter>Source Files</Filter>
    </ClCompile>
    <ClCompile Include="Fairy.cpp">
      <Filter>Source Files</Filter>
    </ClCompile>
    <ClCompile Include="FairyShoot.cpp">
      <Filter>Source Files</Filter>
    </ClCompile>
    <ClCompile Include="Game.cpp">
      <Filter>Source Files</Filter>
    </ClCompile>
    <ClCompile Include="InputManager.cpp">
      <Filter>Source Files</Filter>
    </ClCompile>
    <ClCompile Include="Light.cpp">
      <Filter>Source Files</Filter>
    </ClCompile>
    <ClCompile Include="LightedDungeonScene.cpp">
      <Filter>Source Files</Filter>
    </ClCompile>
    <ClCompile Include="LightSprite.cpp">
      <Filter>Source Files</Filter>
    </ClCompile>
    <ClCompile Include="main.cpp">
      <Filter>Source Files</Filter>
    </ClCompile>
    <ClCompile Include="Map.cpp">
      <Filter>Source Files</Filter>
    </ClCompile>
    <ClCompile Include="Object.cpp">
      <Filter>Source Files</Filter>
    </ClCompile>
    <ClCompile Include="Octorok.cpp">
      <Filter>Source Files</Filter>
    </ClCompile>
    <ClCompile Include="Player.cpp">
      <Filter>Source Files</Filter>
    </ClCompile>
    <ClCompile Include="Projectile.cpp">
      <Filter>Source Files</Filter>
    </ClCompile>
    <ClCompile Include="Prop.cpp">
      <Filter>Source Files</Filter>
    </ClCompile>
    <ClCompile Include="Resources.cpp">
      <Filter>Source Files</Filter>
    </ClCompile>
    <ClCompile Include="RockProjectile.cpp">
      <Filter>Source Files</Filter>
    </ClCompile>
    <ClCompile Include="Scene.cpp">
      <Filter>Source Files</Filter>
    </ClCompile>
    <ClCompile Include="SceneChanger.cpp">
      <Filter>Source Files</Filter>
    </ClCompile>
    <ClCompile Include="SceneMenu.cpp">
      <Filter>Source Files</Filter>
    </ClCompile>
    <ClCompile Include="ScenePlayable.cpp">
      <Filter>Source Files</Filter>
    </ClCompile>
    <ClCompile Include="SoundManager.cpp">
      <Filter>Source Files</Filter>
    </ClCompile>
    <ClCompile Include="StatsBar.cpp">
      <Filter>Source Files</Filter>
    </ClCompile>
    <ClCompile Include="TextBox.cpp">
      <Filter>Source Files</Filter>
    </ClCompile>
    <ClCompile Include="TextBoxManager.cpp">
      <Filter>Source Files</Filter>
    </ClCompile>
    <ClCompile Include="Tile.cpp">
      <Filter>Source Files</Filter>
    </ClCompile>
    <ClCompile Include="utils.cpp">
      <Filter>Source Files</Filter>
    </ClCompile>
    <ClCompile Include="Weapon.cpp">
      <Filter>Source Files</Filter>
    </ClCompile>
    <ClCompile Include="GUI\Button.cpp">
      <Filter>Header Files</Filter>
    </ClCompile>
    <ClCompile Include="GUI\Container.cpp">
      <Filter>Header Files</Filter>
    </ClCompile>
    <ClCompile Include="GUI\Frame.cpp">
      <Filter>Header Files</Filter>
    </ClCompile>
    <ClCompile Include="GUI\HLayout.cpp">
      <Filter>Header Files</Filter>
    </ClCompile>
    <ClCompile Include="GUI\ImgButton.cpp">
      <Filter>Header Files</Filter>
    </ClCompile>
    <ClCompile Include="GUI\ImgTextButton.cpp">
      <Filter>Header Files</Filter>
    </ClCompile>
    <ClCompile Include="GUI\Label.cpp">
      <Filter>Header Files</Filter>
    </ClCompile>
    <ClCompile Include="GUI\Layout.cpp">
      <Filter>Header Files</Filter>
    </ClCompile>
    <ClCompile Include="GUI\TextButton.cpp">
      <Filter>Header Files</Filter>
    </ClCompile>
    <ClCompile Include="GUI\VLayout.cpp">
      <Filter>Header Files</Filter>
    </ClCompile>
    <ClCompile Include="GUI\Widget.cpp">
      <Filter>Header Files</Filter>
    </ClCompile>
    <ClCompile Include="EnemyPenguin.cpp">
      <Filter>Source Files</Filter>
    </ClCompile>
    <ClCompile Include="Speaker.cpp">
      <Filter>Source Files</Filter>
    </ClCompile>
  </ItemGroup>
  <ItemGroup>
    <ClInclude Include="Background.hpp">
      <Filter>Header Files</Filter>
    </ClInclude>
    <ClInclude Include="Collisionable.hpp">
      <Filter>Header Files</Filter>
    </ClInclude>
    <ClInclude Include="DataManager.hpp">
      <Filter>Header Files</Filter>
    </ClInclude>
    <ClInclude Include="DungeonDoor.hpp">
      <Filter>Header Files</Filter>
    </ClInclude>
    <ClInclude Include="DungeonScene.hpp">
      <Filter>Header Files</Filter>
    </ClInclude>
    <ClInclude Include="Effect.hpp">
      <Filter>Header Files</Filter>
    </ClInclude>
    <ClInclude Include="Enemy.hpp">
      <Filter>Header Files</Filter>
    </ClInclude>
    <ClInclude Include="Fairy.hpp">
      <Filter>Header Files</Filter>
    </ClInclude>
    <ClInclude Include="FairyShoot.hpp">
      <Filter>Header Files</Filter>
    </ClInclude>
    <ClInclude Include="Game.hpp">
      <Filter>Header Files</Filter>
    </ClInclude>
    <ClInclude Include="InputManager.hpp">
      <Filter>Header Files</Filter>
    </ClInclude>
    <ClInclude Include="Light.hpp">
      <Filter>Header Files</Filter>
    </ClInclude>
    <ClInclude Include="LightedDungeonScene.hpp">
      <Filter>Header Files</Filter>
    </ClInclude>
    <ClInclude Include="LightSprite.hpp">
      <Filter>Header Files</Filter>
    </ClInclude>
    <ClInclude Include="Map.hpp">
      <Filter>Header Files</Filter>
    </ClInclude>
    <ClInclude Include="Object.hpp">
      <Filter>Header Files</Filter>
    </ClInclude>
    <ClInclude Include="Octorok.hpp">
      <Filter>Header Files</Filter>
    </ClInclude>
    <ClInclude Include="Player.hpp">
      <Filter>Header Files</Filter>
    </ClInclude>
    <ClInclude Include="Projectile.hpp">
      <Filter>Header Files</Filter>
    </ClInclude>
    <ClInclude Include="Prop.hpp">
      <Filter>Header Files</Filter>
    </ClInclude>
    <ClInclude Include="Resources.hpp">
      <Filter>Header Files</Filter>
    </ClInclude>
    <ClInclude Include="RockProjectile.hpp">
      <Filter>Header Files</Filter>
    </ClInclude>
    <ClInclude Include="Scene.hpp">
      <Filter>Header Files</Filter>
    </ClInclude>
    <ClInclude Include="SceneChanger.hpp">
      <Filter>Header Files</Filter>
    </ClInclude>
    <ClInclude Include="SceneMenu.hpp">
      <Filter>Header Files</Filter>
    </ClInclude>
    <ClInclude Include="ScenePlayable.hpp">
      <Filter>Header Files</Filter>
    </ClInclude>
    <ClInclude Include="SoundManager.hpp">
      <Filter>Header Files</Filter>
    </ClInclude>
    <ClInclude Include="StatsBar.hpp">
      <Filter>Header Files</Filter>
    </ClInclude>
    <ClInclude Include="TextBox.hpp">
      <Filter>Header Files</Filter>
    </ClInclude>
    <ClInclude Include="TextBoxManager.hpp">
      <Filter>Header Files</Filter>
    </ClInclude>
    <ClInclude Include="Tile.hpp">
      <Filter>Header Files</Filter>
    </ClInclude>
    <ClInclude Include="utils.hpp">
      <Filter>Header Files</Filter>
    </ClInclude>
    <ClInclude Include="Weapon.hpp">
      <Filter>Header Files</Filter>
    </ClInclude>
    <ClInclude Include="dirent.h">
      <Filter>Header Files</Filter>
    </ClInclude>
    <ClInclude Include="GUI\Button.hpp">
      <Filter>Header Files</Filter>
    </ClInclude>
    <ClInclude Include="GUI\Container.hpp">
      <Filter>Header Files</Filter>
    </ClInclude>
    <ClInclude Include="GUI\Frame.hpp">
      <Filter>Header Files</Filter>
    </ClInclude>
    <ClInclude Include="GUI\HLayout.hpp">
      <Filter>Header Files</Filter>
    </ClInclude>
    <ClInclude Include="GUI\ImgButton.hpp">
      <Filter>Header Files</Filter>
    </ClInclude>
    <ClInclude Include="GUI\ImgTextButton.hpp">
      <Filter>Header Files</Filter>
    </ClInclude>
    <ClInclude Include="GUI\Label.hpp">
      <Filter>Header Files</Filter>
    </ClInclude>
    <ClInclude Include="GUI\Layout.hpp">
      <Filter>Header Files</Filter>
    </ClInclude>
    <ClInclude Include="GUI\TextButton.hpp">
      <Filter>Header Files</Filter>
    </ClInclude>
    <ClInclude Include="GUI\VLayout.hpp">
      <Filter>Header Files</Filter>
    </ClInclude>
    <ClInclude Include="GUI\Widget.hpp">
      <Filter>Header Files</Filter>
    </ClInclude>
    <ClInclude Include="EnemyPenguin.hpp">
      <Filter>Header Files</Filter>
    </ClInclude>
    <ClInclude Include="Speaker.hpp">
      <Filter>Header Files</Filter>
    </ClInclude>
  </ItemGroup>
</Project>